
Microsoft Visual Studio Solution File, Format Version 12.00
# Visual Studio Version 16
VisualStudioVersion = 16.0.32228.343
MinimumVisualStudioVersion = 10.0.40219.1
Project("{FAE04EC0-301F-11D3-BF4B-00C04F79EFBC}") = "webnhahangasp", "webnhahangasp\webnhahangasp.csproj", "{028D9FEB-0CA9-418B-8FDF-0F1C16C8BE74}"
EndProject
Global
	GlobalSection(SolutionConfigurationPlatforms) = preSolution
		Debug|Any CPU = Debug|Any CPU
		Release|Any CPU = Release|Any CPU
	EndGlobalSection
	GlobalSection(ProjectConfigurationPlatforms) = postSolution
		{028D9FEB-0CA9-418B-8FDF-0F1C16C8BE74}.Debug|Any CPU.ActiveCfg = Debug|Any CPU
		{028D9FEB-0CA9-418B-8FDF-0F1C16C8BE74}.Debug|Any CPU.Build.0 = Debug|Any CPU
		{028D9FEB-0CA9-418B-8FDF-0F1C16C8BE74}.Release|Any CPU.ActiveCfg = Release|Any CPU
		{028D9FEB-0CA9-418B-8FDF-0F1C16C8BE74}.Release|Any CPU.Build.0 = Release|Any CPU
	EndGlobalSection
	GlobalSection(SolutionProperties) = preSolution
		HideSolutionNode = FALSE
	EndGlobalSection
	GlobalSection(ExtensibilityGlobals) = postSolution
		SolutionGuid = {0C3D7649-D8D0-486B-8E1C-1028DC507614}
	EndGlobalSection
EndGlobal
